{
  "name": "pcf-local-override",
  "version": "1.2.8",
  "lockfileVersion": 3,
  "requires": true,
  "packages": {
    "": {
      "name": "pcf-local-override",
      "version": "1.2.8",
      "bin": {
        "pcf-local-override": "helper/bin.js"
      },
      "engines": {
        "node": ">=22"
      }
    }
  }
}
